
Microsoft Visual Studio Solution File, Format Version 12.00
Project("{FAE04EC0-301F-11D3-BF4B-00C04F79EFBC}") = "UseCasePatternWithRichDomain.Domain", "UseCasePatternWithRichDomain.Domain\UseCasePatternWithRichDomain.Domain.csproj", "{7A4BD86B-2D7F-4EB1-B478-8347C0032957}"
EndProject
Project("{FAE04EC0-301F-11D3-BF4B-00C04F79EFBC}") = "UseCasePatternWithRichDomain.UseCases", "UseCasePatternWithRichDomain.UseCases\UseCasePatternWithRichDomain.UseCases.csproj", "{6CBA0CFB-242D-4DBE-9FC4-8189BDC7F93E}"
EndProject
Project("{FAE04EC0-301F-11D3-BF4B-00C04F79EFBC}") = "UseCasePatternWithRichDomain.Infrastructure", "UseCasePatternWithRichDomain.Infrastructure\UseCasePatternWithRichDomain.Infrastructure.csproj", "{807D22AD-9018-439B-989E-4E4F4D4E4028}"
EndProject
Project("{2150E333-8FDC-42A3-9474-1A3956D46DE8}") = "Tests", "Tests", "{7C370945-A0B8-46BB-B11A-C9132AF3AB54}"
EndProject
Project("{FAE04EC0-301F-11D3-BF4B-00C04F79EFBC}") = "UseCasePatternWithRichDomain.Domain.Tests", "UseCasePatternWithRichDomain.Domain.Tests\UseCasePatternWithRichDomain.Domain.Tests.csproj", "{55283AFD-D72E-4F78-9FEB-222CAC31BFC9}"
EndProject
Project("{FAE04EC0-301F-11D3-BF4B-00C04F79EFBC}") = "UseCasePatternWithRichDomain.Api", "UseCasePatternWithRichDomain.Api\UseCasePatternWithRichDomain.Api.csproj", "{28D7BEFA-BBA5-468E-A151-81F13D56039D}"
EndProject
Project("{FAE04EC0-301F-11D3-BF4B-00C04F79EFBC}") = "UseCasePatternWithRichDomain.UseCases.Tests", "UseCasePatternWithRichDomain.UseCases.Tests\UseCasePatternWithRichDomain.UseCases.Tests.csproj", "{B1B19DF3-20C3-45C3-A406-30641C625A49}"
EndProject
Global
	GlobalSection(SolutionConfigurationPlatforms) = preSolution
		Debug|Any CPU = Debug|Any CPU
		Release|Any CPU = Release|Any CPU
	EndGlobalSection
	GlobalSection(ProjectConfigurationPlatforms) = postSolution
		{7A4BD86B-2D7F-4EB1-B478-8347C0032957}.Debug|Any CPU.ActiveCfg = Debug|Any CPU
		{7A4BD86B-2D7F-4EB1-B478-8347C0032957}.Debug|Any CPU.Build.0 = Debug|Any CPU
		{7A4BD86B-2D7F-4EB1-B478-8347C0032957}.Release|Any CPU.ActiveCfg = Release|Any CPU
		{7A4BD86B-2D7F-4EB1-B478-8347C0032957}.Release|Any CPU.Build.0 = Release|Any CPU
		{6CBA0CFB-242D-4DBE-9FC4-8189BDC7F93E}.Debug|Any CPU.ActiveCfg = Debug|Any CPU
		{6CBA0CFB-242D-4DBE-9FC4-8189BDC7F93E}.Debug|Any CPU.Build.0 = Debug|Any CPU
		{6CBA0CFB-242D-4DBE-9FC4-8189BDC7F93E}.Release|Any CPU.ActiveCfg = Release|Any CPU
		{6CBA0CFB-242D-4DBE-9FC4-8189BDC7F93E}.Release|Any CPU.Build.0 = Release|Any CPU
		{807D22AD-9018-439B-989E-4E4F4D4E4028}.Debug|Any CPU.ActiveCfg = Debug|Any CPU
		{807D22AD-9018-439B-989E-4E4F4D4E4028}.Debug|Any CPU.Build.0 = Debug|Any CPU
		{807D22AD-9018-439B-989E-4E4F4D4E4028}.Release|Any CPU.ActiveCfg = Release|Any CPU
		{807D22AD-9018-439B-989E-4E4F4D4E4028}.Release|Any CPU.Build.0 = Release|Any CPU
		{55283AFD-D72E-4F78-9FEB-222CAC31BFC9}.Debug|Any CPU.ActiveCfg = Debug|Any CPU
		{55283AFD-D72E-4F78-9FEB-222CAC31BFC9}.Debug|Any CPU.Build.0 = Debug|Any CPU
		{55283AFD-D72E-4F78-9FEB-222CAC31BFC9}.Release|Any CPU.ActiveCfg = Release|Any CPU
		{55283AFD-D72E-4F78-9FEB-222CAC31BFC9}.Release|Any CPU.Build.0 = Release|Any CPU
		{28D7BEFA-BBA5-468E-A151-81F13D56039D}.Debug|Any CPU.ActiveCfg = Debug|Any CPU
		{28D7BEFA-BBA5-468E-A151-81F13D56039D}.Debug|Any CPU.Build.0 = Debug|Any CPU
		{28D7BEFA-BBA5-468E-A151-81F13D56039D}.Release|Any CPU.ActiveCfg = Release|Any CPU
		{28D7BEFA-BBA5-468E-A151-81F13D56039D}.Release|Any CPU.Build.0 = Release|Any CPU
		{B1B19DF3-20C3-45C3-A406-30641C625A49}.Debug|Any CPU.ActiveCfg = Debug|Any CPU
		{B1B19DF3-20C3-45C3-A406-30641C625A49}.Debug|Any CPU.Build.0 = Debug|Any CPU
		{B1B19DF3-20C3-45C3-A406-30641C625A49}.Release|Any CPU.ActiveCfg = Release|Any CPU
		{B1B19DF3-20C3-45C3-A406-30641C625A49}.Release|Any CPU.Build.0 = Release|Any CPU
	EndGlobalSection
	GlobalSection(NestedProjects) = preSolution
		{55283AFD-D72E-4F78-9FEB-222CAC31BFC9} = {7C370945-A0B8-46BB-B11A-C9132AF3AB54}
		{B1B19DF3-20C3-45C3-A406-30641C625A49} = {7C370945-A0B8-46BB-B11A-C9132AF3AB54}
	EndGlobalSection
EndGlobal
